<?xml version="1.0" encoding="utf-8"?>
<Project ToolsVersion="4.0" xmlns="http://schemas.microsoft.com/developer/msbuild/2003">
  <ItemGroup>
    <Filter Include="Header Files">
      <UniqueIdentifier>{93995380-89BD-4b04-88EB-625FBE52EBFB}</UniqueIdentifier>
      <Extensions>h;hh;hpp;hxx;hm;inl;inc;ipp;xsd</Extensions>
    </Filter>
    <Filter Include="Managers">
      <UniqueIdentifier>{af7ae2be-103d-4ffa-99aa-442073a18744}</UniqueIdentifier>
    </Filter>
    <Filter Include="Platform Indipendent">
      <UniqueIdentifier>{9e6d0785-a345-403d-bd6d-9ce781d762b5}</UniqueIdentifier>
    </Filter>
    <Filter Include="DirectX 11">
      <UniqueIdentifier>{06f66a1a-5957-4261-95c4-15a7f522274b}</UniqueIdentifier>
    </Filter>
    <Filter Include="Networking">
      <UniqueIdentifier>{e1bc4097-a43b-49ca-bf76-8ded6cc08b5e}</UniqueIdentifier>
    </Filter>
    <Filter Include="Components">
      <UniqueIdentifier>{e2c8c5cb-c6e2-4064-ab23-7192916a7fbe}</UniqueIdentifier>
    </Filter>
    <Filter Include="Systems">
      <UniqueIdentifier>{0b732b98-4d83-4670-b931-0ce2ae28fa22}</UniqueIdentifier>
    </Filter>
    <Filter Include="Pattern Classes">
      <UniqueIdentifier>{b1eba52e-1ee9-4f16-a705-862708e9d99d}</UniqueIdentifier>
    </Filter>
    <Filter Include="Messages">
      <UniqueIdentifier>{da9cfa1e-93f0-4051-95a1-cd4ebfe4e611}</UniqueIdentifier>
    </Filter>
  </ItemGroup>
  <ItemGroup>
    <ClCompile Include="ResourceManager.cpp">
      <Filter>Managers</Filter>
    </ClCompile>
    <ClCompile Include="ThreadManager.cpp">
      <Filter>Managers</Filter>
    </ClCompile>
    <ClCompile Include="Window.cpp">
      <Filter>Platform Indipendent</Filter>
    </ClCompile>
    <ClCompile Include="Renderer.cpp">
      <Filter>Platform Indipendent</Filter>
    </ClCompile>
    <ClCompile Include="Window_DX.cpp">
      <Filter>DirectX 11</Filter>
    </ClCompile>
    <ClCompile Include="VBO_DX.cpp">
      <Filter>DirectX 11</Filter>
    </ClCompile>
    <ClCompile Include="VBO.cpp">
      <Filter>Platform Indipendent</Filter>
    </ClCompile>
    <ClCompile Include="Renderer_DX.cpp">
      <Filter>DirectX 11</Filter>
    </ClCompile>
    <ClCompile Include="Client.cpp">
      <Filter>Networking</Filter>
    </ClCompile>
    <ClCompile Include="ListenSocket.cpp">
      <Filter>Networking</Filter>
    </ClCompile>
    <ClCompile Include="Peer.cpp">
      <Filter>Networking</Filter>
    </ClCompile>
    <ClCompile Include="Server.cpp">
      <Filter>Networking</Filter>
    </ClCompile>
    <ClCompile Include="Socket.cpp">
      <Filter>Networking</Filter>
    </ClCompile>
    <ClCompile Include="TransferSocket.cpp">
      <Filter>Networking</Filter>
    </ClCompile>
    <ClCompile Include="RenderSystem.cpp">
      <Filter>Systems</Filter>
    </ClCompile>
    <ClCompile Include="RenderComponent.cpp">
      <Filter>Components</Filter>
    </ClCompile>
    <ClCompile Include="System.cpp">
      <Filter>Systems</Filter>
    </ClCompile>
    <ClCompile Include="SceneManager.cpp">
      <Filter>Managers</Filter>
    </ClCompile>
    <ClCompile Include="GameObject.cpp">
      <Filter>Platform Indipendent</Filter>
    </ClCompile>
    <ClCompile Include="GameObjectComponent.cpp">
      <Filter>Components</Filter>
    </ClCompile>
    <ClCompile Include="Mesh.cpp">
      <Filter>Platform Indipendent</Filter>
    </ClCompile>
    <ClCompile Include="CollisionComponent.cpp">
      <Filter>Components</Filter>
    </ClCompile>
    <ClCompile Include="PhysicsComponent.cpp">
      <Filter>Components</Filter>
    </ClCompile>
    <ClCompile Include="CollisionSystem.cpp">
      <Filter>Systems</Filter>
    </ClCompile>
    <ClCompile Include="PhysicsSystem.cpp">
      <Filter>Systems</Filter>
    </ClCompile>
    <ClCompile Include="Observer.cpp">
      <Filter>Pattern Classes</Filter>
    </ClCompile>
    <ClCompile Include="Subject.cpp">
      <Filter>Pattern Classes</Filter>
    </ClCompile>
    <ClCompile Include="Message.cpp">
      <Filter>Messages</Filter>
    </ClCompile>
    <ClCompile Include="InfinitePlaneCollisionComponent.cpp">
      <Filter>Components</Filter>
    </ClCompile>
    <ClCompile Include="SphereCollisionComponent.cpp">
      <Filter>Components</Filter>
    </ClCompile>
    <ClCompile Include="AddedComponentMessage.cpp">
      <Filter>Messages</Filter>
    </ClCompile>
    <ClCompile Include="Game.cpp">
      <Filter>Pattern Classes</Filter>
    </ClCompile>
    <ClCompile Include="Scene.cpp">
      <Filter>Pattern Classes</Filter>
    </ClCompile>
    <ClCompile Include="NetworkComponent.cpp">
      <Filter>Components</Filter>
    </ClCompile>
    <ClCompile Include="NetworkingSystem.cpp">
      <Filter>Systems</Filter>
    </ClCompile>
    <ClCompile Include="ClientPlayerComponent.cpp">
      <Filter>Components</Filter>
    </ClCompile>
    <ClCompile Include="PlayerConnectedMessage.cpp">
      <Filter>Messages</Filter>
    </ClCompile>
    <ClCompile Include="RemovedComponentMessage.cpp">
      <Filter>Messages</Filter>
    </ClCompile>
    <ClCompile Include="ResetSceneMessage.cpp">
      <Filter>Messages</Filter>
    </ClCompile>
  </ItemGroup>
  <ItemGroup>
    <ClInclude Include="Resource.h">
      <Filter>Header Files</Filter>
    </ClInclude>
    <ClInclude Include="ResourceManager.h">
      <Filter>Managers</Filter>
    </ClInclude>
    <ClInclude Include="ThreadManager.h">
      <Filter>Managers</Filter>
    </ClInclude>
    <ClInclude Include="Window.h">
      <Filter>Platform Indipendent</Filter>
    </ClInclude>
    <ClInclude Include="Renderer.h">
      <Filter>Platform Indipendent</Filter>
    </ClInclude>
    <ClInclude Include="Window_DX.h">
      <Filter>DirectX 11</Filter>
    </ClInclude>
    <ClInclude Include="VBO_DX.h">
      <Filter>DirectX 11</Filter>
    </ClInclude>
    <ClInclude Include="VBO.h">
      <Filter>Platform Indipendent</Filter>
    </ClInclude>
    <ClInclude Include="Renderer_DX.h">
      <Filter>DirectX 11</Filter>
    </ClInclude>
    <ClInclude Include="Client.h">
      <Filter>Networking</Filter>
    </ClInclude>
    <ClInclude Include="ListenSocket.h">
      <Filter>Networking</Filter>
    </ClInclude>
    <ClInclude Include="Peer.h">
      <Filter>Networking</Filter>
    </ClInclude>
    <ClInclude Include="Server.h">
      <Filter>Networking</Filter>
    </ClInclude>
    <ClInclude Include="Socket.h">
      <Filter>Networking</Filter>
    </ClInclude>
    <ClInclude Include="TransferSocket.h">
      <Filter>Networking</Filter>
    </ClInclude>
    <ClInclude Include="RenderSystem.h">
      <Filter>Systems</Filter>
    </ClInclude>
    <ClInclude Include="RenderComponent.h">
      <Filter>Components</Filter>
    </ClInclude>
    <ClInclude Include="System.h">
      <Filter>Systems</Filter>
    </ClInclude>
    <ClInclude Include="SceneManager.h">
      <Filter>Managers</Filter>
    </ClInclude>
    <ClInclude Include="GameObject.h">
      <Filter>Platform Indipendent</Filter>
    </ClInclude>
    <ClInclude Include="GameObjectComponent.h">
      <Filter>Components</Filter>
    </ClInclude>
    <ClInclude Include="Mesh.h">
      <Filter>Platform Indipendent</Filter>
    </ClInclude>
    <ClInclude Include="CollisionComponent.h">
      <Filter>Components</Filter>
    </ClInclude>
    <ClInclude Include="PhysicsComponent.h">
      <Filter>Components</Filter>
    </ClInclude>
    <ClInclude Include="CollisionSystem.h">
      <Filter>Systems</Filter>
    </ClInclude>
    <ClInclude Include="PhysicsSystem.h">
      <Filter>Systems</Filter>
    </ClInclude>
    <ClInclude Include="Observer.h">
      <Filter>Pattern Classes</Filter>
    </ClInclude>
    <ClInclude Include="Subject.h">
      <Filter>Pattern Classes</Filter>
    </ClInclude>
    <ClInclude Include="ComponentTypes.h">
      <Filter>Components</Filter>
    </ClInclude>
    <ClInclude Include="MessageTypes.h">
      <Filter>Messages</Filter>
    </ClInclude>
    <ClInclude Include="Message.h">
      <Filter>Messages</Filter>
    </ClInclude>
    <ClInclude Include="SphereCollisionComponent.h">
      <Filter>Components</Filter>
    </ClInclude>
    <ClInclude Include="InfinitePlaneCollisionComponent.h">
      <Filter>Components</Filter>
    </ClInclude>
    <ClInclude Include="AddedComponentMessage.h">
      <Filter>Messages</Filter>
    </ClInclude>
    <ClInclude Include="SystemTypes.h">
      <Filter>Systems</Filter>
    </ClInclude>
    <ClInclude Include="Game.h">
      <Filter>Pattern Classes</Filter>
    </ClInclude>
    <ClInclude Include="Scene.h">
      <Filter>Pattern Classes</Filter>
    </ClInclude>
    <ClInclude Include="NetworkingSystem.h">
      <Filter>Systems</Filter>
    </ClInclude>
    <ClInclude Include="NetworkComponent.h">
      <Filter>Components</Filter>
    </ClInclude>
    <ClInclude Include="ClientPlayerComponent.h">
      <Filter>Components</Filter>
    </ClInclude>
    <ClInclude Include="PlayerConnectedMessage.h">
      <Filter>Messages</Filter>
    </ClInclude>
    <ClInclude Include="NetworkMessageTypes.h">
      <Filter>Networking</Filter>
    </ClInclude>
    <ClInclude Include="RemovedComponentMessage.h">
      <Filter>Messages</Filter>
    </ClInclude>
    <ClInclude Include="ResetSceneMessage.h">
      <Filter>Messages</Filter>
    </ClInclude>
  </ItemGroup>
</Project>