
Microsoft Visual Studio Solution File, Format Version 12.00
# Visual Studio 15
VisualStudioVersion = 15.0.28307.1169
MinimumVisualStudioVersion = 10.0.40219.1
Project("{8BC9CEB8-8B4A-11D0-8D11-00A0C91BC942}") = "Engine", "Engine\Engine.vcxproj", "{3B129A8E-28AC-489F-8905-4B6C9301ED3E}"
EndProject
Project("{8BC9CEB8-8B4A-11D0-8D11-00A0C91BC942}") = "ACW_Game", "ACW_Game\ACW_Game.vcxproj", "{309467A5-62EB-4F2C-8AD2-00BA9DEED5F0}"
	ProjectSection(ProjectDependencies) = postProject
		{3B129A8E-28AC-489F-8905-4B6C9301ED3E} = {3B129A8E-28AC-489F-8905-4B6C9301ED3E}
	EndProjectSection
EndProject
Global
	GlobalSection(SolutionConfigurationPlatforms) = preSolution
		Debug|x64 = Debug|x64
		Debug|x86 = Debug|x86
		Release|x64 = Release|x64
		Release|x86 = Release|x86
	EndGlobalSection
	GlobalSection(ProjectConfigurationPlatforms) = postSolution
		{3B129A8E-28AC-489F-8905-4B6C9301ED3E}.Debug|x64.ActiveCfg = Debug|x64
		{3B129A8E-28AC-489F-8905-4B6C9301ED3E}.Debug|x64.Build.0 = Debug|x64
		{3B129A8E-28AC-489F-8905-4B6C9301ED3E}.Debug|x86.ActiveCfg = Debug|Win32
		{3B129A8E-28AC-489F-8905-4B6C9301ED3E}.Debug|x86.Build.0 = Debug|Win32
		{3B129A8E-28AC-489F-8905-4B6C9301ED3E}.Release|x64.ActiveCfg = Release|x64
		{3B129A8E-28AC-489F-8905-4B6C9301ED3E}.Release|x64.Build.0 = Release|x64
		{3B129A8E-28AC-489F-8905-4B6C9301ED3E}.Release|x86.ActiveCfg = Release|Win32
		{3B129A8E-28AC-489F-8905-4B6C9301ED3E}.Release|x86.Build.0 = Release|Win32
		{309467A5-62EB-4F2C-8AD2-00BA9DEED5F0}.Debug|x64.ActiveCfg = Debug|x64
		{309467A5-62EB-4F2C-8AD2-00BA9DEED5F0}.Debug|x64.Build.0 = Debug|x64
		{309467A5-62EB-4F2C-8AD2-00BA9DEED5F0}.Debug|x86.ActiveCfg = Debug|Win32
		{309467A5-62EB-4F2C-8AD2-00BA9DEED5F0}.Debug|x86.Build.0 = Debug|Win32
		{309467A5-62EB-4F2C-8AD2-00BA9DEED5F0}.Release|x64.ActiveCfg = Release|x64
		{309467A5-62EB-4F2C-8AD2-00BA9DEED5F0}.Release|x64.Build.0 = Release|x64
		{309467A5-62EB-4F2C-8AD2-00BA9DEED5F0}.Release|x86.ActiveCfg = Release|Win32
		{309467A5-62EB-4F2C-8AD2-00BA9DEED5F0}.Release|x86.Build.0 = Release|Win32
	EndGlobalSection
	GlobalSection(SolutionProperties) = preSolution
		HideSolutionNode = FALSE
	EndGlobalSection
	GlobalSection(ExtensibilityGlobals) = postSolution
		SolutionGuid = {7336A574-34A1-46C1-915B-60B0354C302A}
	EndGlobalSection
EndGlobal
