<?xml version="1.0" encoding="utf-8"?>
<Project ToolsVersion="4.0" xmlns="http://schemas.microsoft.com/developer/msbuild/2003">
  <ItemGroup>
    <ClCompile Include="..\Engine\main.cpp" />
    <ClCompile Include="PyramidGame.cpp" />
    <ClCompile Include="PyramidScene.cpp">
      <Filter>Scenes</Filter>
    </ClCompile>
  </ItemGroup>
  <ItemGroup>
    <ClInclude Include="PyramidGame.h" />
    <ClInclude Include="PyramidScene.h">
      <Filter>Scenes</Filter>
    </ClInclude>
  </ItemGroup>
  <ItemGroup>
    <Filter Include="Scenes">
      <UniqueIdentifier>{4281f7b4-730b-4c44-85b5-b9442e54f926}</UniqueIdentifier>
    </Filter>
  </ItemGroup>
</Project>